
Microsoft Visual Studio Solution File, Format Version 12.00
# Visual Studio Version 17
VisualStudioVersion = 17.7.34031.279
MinimumVisualStudioVersion = 10.0.40219.1
Project("{8BC9CEB8-8B4A-11D0-8D11-00A0C91BC942}") = "CarreraBarcosSFML-v1", "CarreraBarcosSFML-v1\CarreraBarcosSFML-v1.vcxproj", "{2BF0687D-B065-4860-8535-91EF68F4388D}"
EndProject
Global
	GlobalSection(SolutionConfigurationPlatforms) = preSolution
		Debug|x64 = Debug|x64
		Debug|x86 = Debug|x86
		Release|x64 = Release|x64
		Release|x86 = Release|x86
	EndGlobalSection
	GlobalSection(ProjectConfigurationPlatforms) = postSolution
		{2BF0687D-B065-4860-8535-91EF68F4388D}.Debug|x64.ActiveCfg = Debug|x64
		{2BF0687D-B065-4860-8535-91EF68F4388D}.Debug|x64.Build.0 = Debug|x64
		{2BF0687D-B065-4860-8535-91EF68F4388D}.Debug|x86.ActiveCfg = Debug|Win32
		{2BF0687D-B065-4860-8535-91EF68F4388D}.Debug|x86.Build.0 = Debug|Win32
		{2BF0687D-B065-4860-8535-91EF68F4388D}.Release|x64.ActiveCfg = Release|x64
		{2BF0687D-B065-4860-8535-91EF68F4388D}.Release|x64.Build.0 = Release|x64
		{2BF0687D-B065-4860-8535-91EF68F4388D}.Release|x86.ActiveCfg = Release|Win32
		{2BF0687D-B065-4860-8535-91EF68F4388D}.Release|x86.Build.0 = Release|Win32
	EndGlobalSection
	GlobalSection(SolutionProperties) = preSolution
		HideSolutionNode = FALSE
	EndGlobalSection
	GlobalSection(ExtensibilityGlobals) = postSolution
		SolutionGuid = {BEA50129-1C4C-4DEE-96E1-843D4E7C04C6}
	EndGlobalSection
EndGlobal
